
Microsoft Visual Studio Solution File, Format Version 12.00
# Visual Studio Version 16
VisualStudioVersion = 16.0.31729.503
MinimumVisualStudioVersion = 10.0.40219.1
Project("{FAE04EC0-301F-11D3-BF4B-00C04F79EFBC}") = "Resol.Android", "Resol\Resol.Android\Resol.Android.csproj", "{CDD44A5D-5DA0-4842-BE59-92F89619DC81}"
EndProject
Project("{FAE04EC0-301F-11D3-BF4B-00C04F79EFBC}") = "Resol.iOS", "Resol\Resol.iOS\Resol.iOS.csproj", "{8664B0FF-E690-490F-8608-27BD4846935D}"
EndProject
Project("{FAE04EC0-301F-11D3-BF4B-00C04F79EFBC}") = "Resol", "Resol\Resol\Resol.csproj", "{70AD5962-21CC-4F11-941D-6EC0907375E0}"
EndProject
Global
	GlobalSection(SolutionConfigurationPlatforms) = preSolution
		Debug|Any CPU = Debug|Any CPU
		Debug|iPhone = Debug|iPhone
		Debug|iPhoneSimulator = Debug|iPhoneSimulator
		Release|Any CPU = Release|Any CPU
		Release|iPhone = Release|iPhone
		Release|iPhoneSimulator = Release|iPhoneSimulator
	EndGlobalSection
	GlobalSection(ProjectConfigurationPlatforms) = postSolution
		{CDD44A5D-5DA0-4842-BE59-92F89619DC81}.Debug|Any CPU.ActiveCfg = Debug|Any CPU
		{CDD44A5D-5DA0-4842-BE59-92F89619DC81}.Debug|Any CPU.Build.0 = Debug|Any CPU
		{CDD44A5D-5DA0-4842-BE59-92F89619DC81}.Debug|Any CPU.Deploy.0 = Debug|Any CPU
		{CDD44A5D-5DA0-4842-BE59-92F89619DC81}.Debug|iPhone.ActiveCfg = Debug|Any CPU
		{CDD44A5D-5DA0-4842-BE59-92F89619DC81}.Debug|iPhone.Build.0 = Debug|Any CPU
		{CDD44A5D-5DA0-4842-BE59-92F89619DC81}.Debug|iPhone.Deploy.0 = Debug|Any CPU
		{CDD44A5D-5DA0-4842-BE59-92F89619DC81}.Debug|iPhoneSimulator.ActiveCfg = Debug|Any CPU
		{CDD44A5D-5DA0-4842-BE59-92F89619DC81}.Debug|iPhoneSimulator.Build.0 = Debug|Any CPU
		{CDD44A5D-5DA0-4842-BE59-92F89619DC81}.Debug|iPhoneSimulator.Deploy.0 = Debug|Any CPU
		{CDD44A5D-5DA0-4842-BE59-92F89619DC81}.Release|Any CPU.ActiveCfg = Release|Any CPU
		{CDD44A5D-5DA0-4842-BE59-92F89619DC81}.Release|Any CPU.Build.0 = Release|Any CPU
		{CDD44A5D-5DA0-4842-BE59-92F89619DC81}.Release|Any CPU.Deploy.0 = Release|Any CPU
		{CDD44A5D-5DA0-4842-BE59-92F89619DC81}.Release|iPhone.ActiveCfg = Release|Any CPU
		{CDD44A5D-5DA0-4842-BE59-92F89619DC81}.Release|iPhone.Build.0 = Release|Any CPU
		{CDD44A5D-5DA0-4842-BE59-92F89619DC81}.Release|iPhone.Deploy.0 = Release|Any CPU
		{CDD44A5D-5DA0-4842-BE59-92F89619DC81}.Release|iPhoneSimulator.ActiveCfg = Release|Any CPU
		{CDD44A5D-5DA0-4842-BE59-92F89619DC81}.Release|iPhoneSimulator.Build.0 = Release|Any CPU
		{CDD44A5D-5DA0-4842-BE59-92F89619DC81}.Release|iPhoneSimulator.Deploy.0 = Release|Any CPU
		{8664B0FF-E690-490F-8608-27BD4846935D}.Debug|Any CPU.ActiveCfg = Debug|iPhone
		{8664B0FF-E690-490F-8608-27BD4846935D}.Debug|Any CPU.Build.0 = Debug|iPhone
		{8664B0FF-E690-490F-8608-27BD4846935D}.Debug|Any CPU.Deploy.0 = Debug|iPhone
		{8664B0FF-E690-490F-8608-27BD4846935D}.Debug|iPhone.ActiveCfg = Debug|iPhone
		{8664B0FF-E690-490F-8608-27BD4846935D}.Debug|iPhone.Build.0 = Debug|iPhone
		{8664B0FF-E690-490F-8608-27BD4846935D}.Debug|iPhone.Deploy.0 = Debug|iPhone
		{8664B0FF-E690-490F-8608-27BD4846935D}.Debug|iPhoneSimulator.ActiveCfg = Debug|iPhoneSimulator
		{8664B0FF-E690-490F-8608-27BD4846935D}.Debug|iPhoneSimulator.Build.0 = Debug|iPhoneSimulator
		{8664B0FF-E690-490F-8608-27BD4846935D}.Debug|iPhoneSimulator.Deploy.0 = Debug|iPhoneSimulator
		{8664B0FF-E690-490F-8608-27BD4846935D}.Release|Any CPU.ActiveCfg = Release|iPhoneSimulator
		{8664B0FF-E690-490F-8608-27BD4846935D}.Release|Any CPU.Build.0 = Release|iPhoneSimulator
		{8664B0FF-E690-490F-8608-27BD4846935D}.Release|Any CPU.Deploy.0 = Release|iPhoneSimulator
		{8664B0FF-E690-490F-8608-27BD4846935D}.Release|iPhone.ActiveCfg = Release|iPhone
		{8664B0FF-E690-490F-8608-27BD4846935D}.Release|iPhone.Build.0 = Release|iPhone
		{8664B0FF-E690-490F-8608-27BD4846935D}.Release|iPhone.Deploy.0 = Release|iPhone
		{8664B0FF-E690-490F-8608-27BD4846935D}.Release|iPhoneSimulator.ActiveCfg = Release|iPhoneSimulator
		{8664B0FF-E690-490F-8608-27BD4846935D}.Release|iPhoneSimulator.Build.0 = Release|iPhoneSimulator
		{8664B0FF-E690-490F-8608-27BD4846935D}.Release|iPhoneSimulator.Deploy.0 = Release|iPhoneSimulator
		{70AD5962-21CC-4F11-941D-6EC0907375E0}.Debug|Any CPU.ActiveCfg = Debug|Any CPU
		{70AD5962-21CC-4F11-941D-6EC0907375E0}.Debug|Any CPU.Build.0 = Debug|Any CPU
		{70AD5962-21CC-4F11-941D-6EC0907375E0}.Debug|Any CPU.Deploy.0 = Debug|Any CPU
		{70AD5962-21CC-4F11-941D-6EC0907375E0}.Debug|iPhone.ActiveCfg = Debug|Any CPU
		{70AD5962-21CC-4F11-941D-6EC0907375E0}.Debug|iPhone.Build.0 = Debug|Any CPU
		{70AD5962-21CC-4F11-941D-6EC0907375E0}.Debug|iPhone.Deploy.0 = Debug|Any CPU
		{70AD5962-21CC-4F11-941D-6EC0907375E0}.Debug|iPhoneSimulator.ActiveCfg = Debug|Any CPU
		{70AD5962-21CC-4F11-941D-6EC0907375E0}.Debug|iPhoneSimulator.Build.0 = Debug|Any CPU
		{70AD5962-21CC-4F11-941D-6EC0907375E0}.Debug|iPhoneSimulator.Deploy.0 = Debug|Any CPU
		{70AD5962-21CC-4F11-941D-6EC0907375E0}.Release|Any CPU.ActiveCfg = Release|Any CPU
		{70AD5962-21CC-4F11-941D-6EC0907375E0}.Release|Any CPU.Build.0 = Release|Any CPU
		{70AD5962-21CC-4F11-941D-6EC0907375E0}.Release|Any CPU.Deploy.0 = Release|Any CPU
		{70AD5962-21CC-4F11-941D-6EC0907375E0}.Release|iPhone.ActiveCfg = Release|Any CPU
		{70AD5962-21CC-4F11-941D-6EC0907375E0}.Release|iPhone.Build.0 = Release|Any CPU
		{70AD5962-21CC-4F11-941D-6EC0907375E0}.Release|iPhone.Deploy.0 = Release|Any CPU
		{70AD5962-21CC-4F11-941D-6EC0907375E0}.Release|iPhoneSimulator.ActiveCfg = Release|Any CPU
		{70AD5962-21CC-4F11-941D-6EC0907375E0}.Release|iPhoneSimulator.Build.0 = Release|Any CPU
		{70AD5962-21CC-4F11-941D-6EC0907375E0}.Release|iPhoneSimulator.Deploy.0 = Release|Any CPU
	EndGlobalSection
	GlobalSection(SolutionProperties) = preSolution
		HideSolutionNode = FALSE
	EndGlobalSection
	GlobalSection(ExtensibilityGlobals) = postSolution
		SolutionGuid = {89630468-48ED-433E-8B55-79CE5C0AEFE2}
	EndGlobalSection
EndGlobal
